{
  "requires": true,
  "lockfileVersion": 1,
  "dependencies": {
    "angular-recaptcha": {
      "version": "4.2.0",
      "resolved": "https://registry.npmjs.org/angular-recaptcha/-/angular-recaptcha-4.2.0.tgz",
      "integrity": "sha512-PZ4VsUiNKNqaGqCpTAEwyAWUNF0w7xFulMf3ajJVym7bidxPEi5py1jQdxj4LFIWUxoA7XPan4sJMK4UeB8Srg=="
    }
  }
}
